{
  "requires": true,
  "lockfileVersion": 1,
  "dependencies": {
    "@types/chance": {
      "version": "0.7.36",
      "resolved": "https://registry.npmjs.org/@types/chance/-/chance-0.7.36.tgz",
      "integrity": "sha512-A8p+aXSQqXLCotZvm8+Uu2KE0Ksf3xq73LiGaSmMfhAX9AGnwjE5DsLHkBXV+0i4SKkkTnc5fo0w7J2AoAhbQg=="
    },
    "@types/lodash": {
      "version": "4.14.97",
      "resolved": "https://registry.npmjs.org/@types/lodash/-/lodash-4.14.97.tgz",
      "integrity": "sha512-uIKSroywPzhFYw6azoXK2ChfgW/lTfeiNDJKSGOp5RQSAvMdKMI1g0C1NqdU3I9k9bb8iwcWXGwA0n+JSn/N3A=="
    },
    "chance": {
      "version": "1.0.13",
      "resolved": "https://registry.npmjs.org/chance/-/chance-1.0.13.tgz",
      "integrity": "sha512-9cpcgmAIQiXC0eMgQuMZgXuHR2Y+gKUyGQnalqSAg5LlUJyJFsZeKyuHVSGhj+bx18ppH+Jo3VOayNeXR/7p9Q=="
    },
    "lodash": {
      "version": "4.17.4",
      "resolved": "https://registry.npmjs.org/lodash/-/lodash-4.17.4.tgz",
      "integrity": "sha1-eCA6TRwyiuHYbcpkYONptX9AVa4="
    }
  }
}
